
Microsoft Visual Studio Solution File, Format Version 12.00
# Visual Studio 15
VisualStudioVersion = 15.0.28307.271
MinimumVisualStudioVersion = 10.0.40219.1
Project("{FAE04EC0-301F-11D3-BF4B-00C04F79EFBC}") = "HHRR", "HHRR\HHRR.csproj", "{F43A53A2-C1FE-44F6-9021-A3F9AD6DDD49}"
EndProject
Global
	GlobalSection(SolutionConfigurationPlatforms) = preSolution
		Debug|Any CPU = Debug|Any CPU
		Release|Any CPU = Release|Any CPU
	EndGlobalSection
	GlobalSection(ProjectConfigurationPlatforms) = postSolution
		{F43A53A2-C1FE-44F6-9021-A3F9AD6DDD49}.Debug|Any CPU.ActiveCfg = Debug|Any CPU
		{F43A53A2-C1FE-44F6-9021-A3F9AD6DDD49}.Debug|Any CPU.Build.0 = Debug|Any CPU
		{F43A53A2-C1FE-44F6-9021-A3F9AD6DDD49}.Release|Any CPU.ActiveCfg = Release|Any CPU
		{F43A53A2-C1FE-44F6-9021-A3F9AD6DDD49}.Release|Any CPU.Build.0 = Release|Any CPU
	EndGlobalSection
	GlobalSection(SolutionProperties) = preSolution
		HideSolutionNode = FALSE
	EndGlobalSection
	GlobalSection(ExtensibilityGlobals) = postSolution
		SolutionGuid = {1E095622-6A73-4158-BED1-C2EF3B9E12B1}
	EndGlobalSection
EndGlobal
